Microsoft Visual Studio Solution File, Format Version 11.00
# Visual Studio 2010
Project("{8BC9CEB8-8B4A-11D0-8D11-00A0C91BC942}") = "GrabImage", "GrabImage.vcxproj", "{98995E2C-534D-4F38-A8FF-BA5106F24191}"
EndProject
Project("{FAE04EC0-301F-11D3-BF4B-00C04F79EFBC}") = "GrabImageClient", "GrabImageClient\GrabImageClient.csproj", "{033CE90A-B14C-4F24-B7CC-2A1B40D9E66B}"
EndProject
Project("{F184B08F-C81C-45F6-A57F-5ABD9991F28F}") = "GrabImageClientVB", "GrabImageClientVB\GrabImageClientVB.vbproj", "{F3C23EC6-7BEF-493E-89E1-7857BB01F9C0}"
EndProject
Project("{FAE04EC0-301F-11D3-BF4B-00C04F79EFBC}") = "pscvideostream", "pscvideostream\pscvideostream.csproj", "{0922E7FD-611C-4EEC-B9F5-9BA564DF2F3C}"
EndProject
Global
	GlobalSection(SolutionConfigurationPlatforms) = preSolution
		Debug|Any CPU = Debug|Any CPU
		Debug|Mixed Platforms = Debug|Mixed Platforms
		Debug|Win32 = Debug|Win32
		Debug|x64 = Debug|x64
		Debug|x86 = Debug|x86
		Release|Any CPU = Release|Any CPU
		Release|Mixed Platforms = Release|Mixed Platforms
		Release|Win32 = Release|Win32
		Release|x64 = Release|x64
		Release|x86 = Release|x86
	EndGlobalSection
	GlobalSection(ProjectConfigurationPlatforms) = postSolution
		{98995E2C-534D-4F38-A8FF-BA5106F24191}.Debug|Any CPU.ActiveCfg = Debug|Win32
		{98995E2C-534D-4F38-A8FF-BA5106F24191}.Debug|Any CPU.Build.0 = Debug|Win32
		{98995E2C-534D-4F38-A8FF-BA5106F24191}.Debug|Mixed Platforms.ActiveCfg = Debug|Win32
		{98995E2C-534D-4F38-A8FF-BA5106F24191}.Debug|Mixed Platforms.Build.0 = Debug|Win32
		{98995E2C-534D-4F38-A8FF-BA5106F24191}.Debug|Win32.ActiveCfg = Debug|Win32
		{98995E2C-534D-4F38-A8FF-BA5106F24191}.Debug|Win32.Build.0 = Debug|Win32
		{98995E2C-534D-4F38-A8FF-BA5106F24191}.Debug|x64.ActiveCfg = Debug|x64
		{98995E2C-534D-4F38-A8FF-BA5106F24191}.Debug|x64.Build.0 = Debug|x64
		{98995E2C-534D-4F38-A8FF-BA5106F24191}.Debug|x86.ActiveCfg = Release|Win32
		{98995E2C-534D-4F38-A8FF-BA5106F24191}.Debug|x86.Build.0 = Release|Win32
		{98995E2C-534D-4F38-A8FF-BA5106F24191}.Release|Any CPU.ActiveCfg = Release|Win32
		{98995E2C-534D-4F38-A8FF-BA5106F24191}.Release|Any CPU.Build.0 = Release|Win32
		{98995E2C-534D-4F38-A8FF-BA5106F24191}.Release|Mixed Platforms.ActiveCfg = Release|Win32
		{98995E2C-534D-4F38-A8FF-BA5106F24191}.Release|Mixed Platforms.Build.0 = Release|Win32
		{98995E2C-534D-4F38-A8FF-BA5106F24191}.Release|Win32.ActiveCfg = Release|Win32
		{98995E2C-534D-4F38-A8FF-BA5106F24191}.Release|Win32.Build.0 = Release|Win32
		{98995E2C-534D-4F38-A8FF-BA5106F24191}.Release|x64.ActiveCfg = Release|x64
		{98995E2C-534D-4F38-A8FF-BA5106F24191}.Release|x64.Build.0 = Release|x64
		{98995E2C-534D-4F38-A8FF-BA5106F24191}.Release|x86.ActiveCfg = Release|Win32
		{033CE90A-B14C-4F24-B7CC-2A1B40D9E66B}.Debug|Any CPU.ActiveCfg = Debug|Any CPU
		{033CE90A-B14C-4F24-B7CC-2A1B40D9E66B}.Debug|Any CPU.Build.0 = Debug|Any CPU
		{033CE90A-B14C-4F24-B7CC-2A1B40D9E66B}.Debug|Mixed Platforms.ActiveCfg = Debug|Any CPU
		{033CE90A-B14C-4F24-B7CC-2A1B40D9E66B}.Debug|Mixed Platforms.Build.0 = Debug|Any CPU
		{033CE90A-B14C-4F24-B7CC-2A1B40D9E66B}.Debug|Win32.ActiveCfg = Debug|Any CPU
		{033CE90A-B14C-4F24-B7CC-2A1B40D9E66B}.Debug|Win32.Build.0 = Debug|Any CPU
		{033CE90A-B14C-4F24-B7CC-2A1B40D9E66B}.Debug|x64.ActiveCfg = Debug|Any CPU
		{033CE90A-B14C-4F24-B7CC-2A1B40D9E66B}.Debug|x64.Build.0 = Debug|Any CPU
		{033CE90A-B14C-4F24-B7CC-2A1B40D9E66B}.Debug|x86.ActiveCfg = Debug|Any CPU
		{033CE90A-B14C-4F24-B7CC-2A1B40D9E66B}.Debug|x86.Build.0 = Debug|Any CPU
		{033CE90A-B14C-4F24-B7CC-2A1B40D9E66B}.Release|Any CPU.ActiveCfg = Release|Any CPU
		{033CE90A-B14C-4F24-B7CC-2A1B40D9E66B}.Release|Any CPU.Build.0 = Release|Any CPU
		{033CE90A-B14C-4F24-B7CC-2A1B40D9E66B}.Release|Mixed Platforms.ActiveCfg = Release|Any CPU
		{033CE90A-B14C-4F24-B7CC-2A1B40D9E66B}.Release|Mixed Platforms.Build.0 = Release|Any CPU
		{033CE90A-B14C-4F24-B7CC-2A1B40D9E66B}.Release|Win32.ActiveCfg = Release|Any CPU
		{033CE90A-B14C-4F24-B7CC-2A1B40D9E66B}.Release|Win32.Build.0 = Release|Any CPU
		{033CE90A-B14C-4F24-B7CC-2A1B40D9E66B}.Release|x64.ActiveCfg = Release|Any CPU
		{033CE90A-B14C-4F24-B7CC-2A1B40D9E66B}.Release|x64.Build.0 = Release|Any CPU
		{033CE90A-B14C-4F24-B7CC-2A1B40D9E66B}.Release|x86.ActiveCfg = Release|Any CPU
		{F3C23EC6-7BEF-493E-89E1-7857BB01F9C0}.Debug|Any CPU.ActiveCfg = Debug|Any CPU
		{F3C23EC6-7BEF-493E-89E1-7857BB01F9C0}.Debug|Mixed Platforms.ActiveCfg = Debug|Any CPU
		{F3C23EC6-7BEF-493E-89E1-7857BB01F9C0}.Debug|Mixed Platforms.Build.0 = Debug|Any CPU
		{F3C23EC6-7BEF-493E-89E1-7857BB01F9C0}.Debug|Win32.ActiveCfg = Debug|Any CPU
		{F3C23EC6-7BEF-493E-89E1-7857BB01F9C0}.Debug|x64.ActiveCfg = Debug|Any CPU
		{F3C23EC6-7BEF-493E-89E1-7857BB01F9C0}.Debug|x64.Build.0 = Debug|Any CPU
		{F3C23EC6-7BEF-493E-89E1-7857BB01F9C0}.Debug|x86.ActiveCfg = Debug|Any CPU
		{F3C23EC6-7BEF-493E-89E1-7857BB01F9C0}.Debug|x86.Build.0 = Debug|Any CPU
		{F3C23EC6-7BEF-493E-89E1-7857BB01F9C0}.Release|Any CPU.ActiveCfg = Release|Any CPU
		{F3C23EC6-7BEF-493E-89E1-7857BB01F9C0}.Release|Mixed Platforms.ActiveCfg = Release|Any CPU
		{F3C23EC6-7BEF-493E-89E1-7857BB01F9C0}.Release|Win32.ActiveCfg = Release|Any CPU
		{F3C23EC6-7BEF-493E-89E1-7857BB01F9C0}.Release|Win32.Build.0 = Release|Any CPU
		{F3C23EC6-7BEF-493E-89E1-7857BB01F9C0}.Release|x64.ActiveCfg = Release|Any CPU
		{F3C23EC6-7BEF-493E-89E1-7857BB01F9C0}.Release|x86.ActiveCfg = Release|Any CPU
		{0922E7FD-611C-4EEC-B9F5-9BA564DF2F3C}.Debug|Any CPU.ActiveCfg = Debug|Any CPU
		{0922E7FD-611C-4EEC-B9F5-9BA564DF2F3C}.Debug|Mixed Platforms.ActiveCfg = Debug|Any CPU
		{0922E7FD-611C-4EEC-B9F5-9BA564DF2F3C}.Debug|Mixed Platforms.Build.0 = Debug|Any CPU
		{0922E7FD-611C-4EEC-B9F5-9BA564DF2F3C}.Debug|Win32.ActiveCfg = Debug|Any CPU
		{0922E7FD-611C-4EEC-B9F5-9BA564DF2F3C}.Debug|x64.ActiveCfg = Debug|Any CPU
		{0922E7FD-611C-4EEC-B9F5-9BA564DF2F3C}.Debug|x64.Build.0 = Debug|Any CPU
		{0922E7FD-611C-4EEC-B9F5-9BA564DF2F3C}.Debug|x86.ActiveCfg = Debug|Any CPU
		{0922E7FD-611C-4EEC-B9F5-9BA564DF2F3C}.Debug|x86.Build.0 = Debug|Any CPU
		{0922E7FD-611C-4EEC-B9F5-9BA564DF2F3C}.Release|Any CPU.ActiveCfg = Release|Any CPU
		{0922E7FD-611C-4EEC-B9F5-9BA564DF2F3C}.Release|Mixed Platforms.ActiveCfg = Release|Any CPU
		{0922E7FD-611C-4EEC-B9F5-9BA564DF2F3C}.Release|Win32.ActiveCfg = Release|Any CPU
		{0922E7FD-611C-4EEC-B9F5-9BA564DF2F3C}.Release|Win32.Build.0 = Release|Any CPU
		{0922E7FD-611C-4EEC-B9F5-9BA564DF2F3C}.Release|x64.ActiveCfg = Release|Any CPU
		{0922E7FD-611C-4EEC-B9F5-9BA564DF2F3C}.Release|x86.ActiveCfg = Release|Any CPU
		{0922E7FD-611C-4EEC-B9F5-9BA564DF2F3C}.Release|x86.Build.0 = Release|Any CPU
	EndGlobalSection
	GlobalSection(SolutionProperties) = preSolution
		HideSolutionNode = FALSE
	EndGlobalSection
EndGlobal
